
Microsoft Visual Studio Solution File, Format Version 12.00
# Visual Studio Version 17
VisualStudioVersion = 17.5.002.0
MinimumVisualStudioVersion = 10.0.40219.1
Project("{9A19103F-16F7-4668-BE54-9A1E7A4F7556}") = "Todo", "Todo.csproj", "{88D969DB-2F48-4C88-8DA2-8935007EA392}"
EndProject
Global
	GlobalSection(SolutionConfigurationPlatforms) = preSolution
		Debug|Any CPU = Debug|Any CPU
		Release|Any CPU = Release|Any CPU
	EndGlobalSection
	GlobalSection(ProjectConfigurationPlatforms) = postSolution
		{88D969DB-2F48-4C88-8DA2-8935007EA392}.Debug|Any CPU.ActiveCfg = Debug|Any CPU
		{88D969DB-2F48-4C88-8DA2-8935007EA392}.Debug|Any CPU.Build.0 = Debug|Any CPU
		{88D969DB-2F48-4C88-8DA2-8935007EA392}.Release|Any CPU.ActiveCfg = Release|Any CPU
		{88D969DB-2F48-4C88-8DA2-8935007EA392}.Release|Any CPU.Build.0 = Release|Any CPU
	EndGlobalSection
	GlobalSection(SolutionProperties) = preSolution
		HideSolutionNode = FALSE
	EndGlobalSection
	GlobalSection(ExtensibilityGlobals) = postSolution
		SolutionGuid = {C60DD88A-C157-4078-8CD6-AA00C97BEE13}
	EndGlobalSection
EndGlobal
